
Microsoft Visual Studio Solution File, Format Version 12.00
# Visual Studio 15
VisualStudioVersion = 15.0.27703.2000
MinimumVisualStudioVersion = 10.0.40219.1
Project("{2150E333-8FDC-42A3-9474-1A3956D46DE8}") = "src", "src", "{C9CC0A84-38E1-48EA-8CB5-53419A78FB68}"
EndProject
Project("{2150E333-8FDC-42A3-9474-1A3956D46DE8}") = "Components", "Components", "{58100EF9-1580-437B-99E1-66B33F3DAD5D}"
EndProject
Project("{9A19103F-16F7-4668-BE54-9A1E7A4F7556}") = "Math", "src\Components\Math\Math.csproj", "{91B18A3D-34CE-4FAA-B903-3A68FE37F34B}"
EndProject
Project("{9A19103F-16F7-4668-BE54-9A1E7A4F7556}") = "Core", "src\Components\Core\Core.csproj", "{F29F2E3E-B3D5-4E6C-BFA2-C4F924508783}"
EndProject
Project("{2150E333-8FDC-42A3-9474-1A3956D46DE8}") = "tests", "tests", "{B833C15F-7913-4F34-BA0A-D0742AD8A8B6}"
EndProject
Project("{9A19103F-16F7-4668-BE54-9A1E7A4F7556}") = "Serialization", "tests\Serialization\Serialization.csproj", "{CC794C68-2661-4123-A4ED-4DD503440241}"
EndProject
Project("{2150E333-8FDC-42A3-9474-1A3956D46DE8}") = "Playlists", "Playlists", "{93DA64BA-1668-44B7-B7BD-8096FF037161}"
	ProjectSection(SolutionItems) = preProject
		tests\Playlists\Serialization.playlist = tests\Playlists\Serialization.playlist
	EndProjectSection
EndProject
Project("{9A19103F-16F7-4668-BE54-9A1E7A4F7556}") = "Physics", "src\Components\Physics\Physics.csproj", "{45178EC0-4684-436E-B5DA-5257ECD573C0}"
EndProject
Project("{2150E333-8FDC-42A3-9474-1A3956D46DE8}") = "Catalogues", "Catalogues", "{6FBF26C1-EA25-467F-ADCA-A9A99456D201}"
EndProject
Project("{9A19103F-16F7-4668-BE54-9A1E7A4F7556}") = "HabHyg", "src\Catalogues\HabHyg\HabHyg.csproj", "{0092CAAB-2697-4562-9B4A-A63A78994D92}"
EndProject
Project("{9A19103F-16F7-4668-BE54-9A1E7A4F7556}") = "TestCatalogues", "tests\TestCatalogues\TestCatalogues.csproj", "{21A5E3F6-FDF6-4570-BD6C-58EABE5756B4}"
EndProject
Project("{2150E333-8FDC-42A3-9474-1A3956D46DE8}") = "Travel", "Travel", "{AA72571D-A92D-4080-A3DD-E8BA02A9253C}"
EndProject
Project("{9A19103F-16F7-4668-BE54-9A1E7A4F7556}") = "Traversal", "src\Travel\Traversal\Traversal.csproj", "{BF895998-CC52-4700-A5DA-0DC5EDDC2913}"
EndProject
Project("{2150E333-8FDC-42A3-9474-1A3956D46DE8}") = "StellarSystems", "StellarSystems", "{AE400E61-F442-43B2-AB3E-986E2F0FD3AA}"
EndProject
Project("{9A19103F-16F7-4668-BE54-9A1E7A4F7556}") = "Progression", "src\StellarSystems\Progression\Progression.csproj", "{92F7278D-1E27-4E73-99DE-0E80690408DF}"
EndProject
Project("{9A19103F-16F7-4668-BE54-9A1E7A4F7556}") = "ProgressionTests", "tests\ProgressionTests\ProgressionTests.csproj", "{37E85911-57B1-4E6E-ACBD-75232014E987}"
EndProject
Project("{9A19103F-16F7-4668-BE54-9A1E7A4F7556}") = "Storage", "src\Components\Storage\Storage.csproj", "{B484A8CE-60BC-4D14-A5CC-B0C80E78CC10}"
EndProject
Project("{9A19103F-16F7-4668-BE54-9A1E7A4F7556}") = "StorageTests", "tests\StorageTests\StorageTests.csproj", "{4A5DFB54-1BF7-4E14-B4CE-10E7B6D32DB5}"
EndProject
Project("{9A19103F-16F7-4668-BE54-9A1E7A4F7556}") = "Traveller", "src\StellarSystems\Traveller\Traveller.csproj", "{8C991363-2C2A-4D2D-89BC-6EFE60D3B2D1}"
EndProject
Project("{2150E333-8FDC-42A3-9474-1A3956D46DE8}") = "Solution Items", "Solution Items", "{FB05A161-D02A-4E07-B3D0-3B6927069559}"
	ProjectSection(SolutionItems) = preProject
		README.md = README.md
	EndProjectSection
EndProject
Project("{2150E333-8FDC-42A3-9474-1A3956D46DE8}") = "Applications", "Applications", "{56A66D20-C56F-11E9-B024-BD9A4BF73668}"
EndProject
Project("{FAE04EC0-301F-11D3-BF4B-00C04F79EFBC}") = "GenerateMaps", "src\Applications\GenerateMaps\GenerateMaps.csproj", "{25F1CD69-B650-451A-8ECD-A4A4B0B04956}"
EndProject
Project("{FAE04EC0-301F-11D3-BF4B-00C04F79EFBC}") = "CoreTests", "tests\CoreTests\CoreTests.csproj", "{D7D981B0-2E29-4C33-B76B-3EBC7E020319}"
EndProject
Global
	GlobalSection(SolutionConfigurationPlatforms) = preSolution
		Debug|Any CPU = Debug|Any CPU
		Release|Any CPU = Release|Any CPU
	EndGlobalSection
	GlobalSection(ProjectConfigurationPlatforms) = postSolution
		{91B18A3D-34CE-4FAA-B903-3A68FE37F34B}.Debug|Any CPU.ActiveCfg = Debug|Any CPU
		{91B18A3D-34CE-4FAA-B903-3A68FE37F34B}.Debug|Any CPU.Build.0 = Debug|Any CPU
		{91B18A3D-34CE-4FAA-B903-3A68FE37F34B}.Release|Any CPU.ActiveCfg = Release|Any CPU
		{91B18A3D-34CE-4FAA-B903-3A68FE37F34B}.Release|Any CPU.Build.0 = Release|Any CPU
		{F29F2E3E-B3D5-4E6C-BFA2-C4F924508783}.Debug|Any CPU.ActiveCfg = Debug|Any CPU
		{F29F2E3E-B3D5-4E6C-BFA2-C4F924508783}.Debug|Any CPU.Build.0 = Debug|Any CPU
		{F29F2E3E-B3D5-4E6C-BFA2-C4F924508783}.Release|Any CPU.ActiveCfg = Release|Any CPU
		{F29F2E3E-B3D5-4E6C-BFA2-C4F924508783}.Release|Any CPU.Build.0 = Release|Any CPU
		{CC794C68-2661-4123-A4ED-4DD503440241}.Debug|Any CPU.ActiveCfg = Debug|Any CPU
		{CC794C68-2661-4123-A4ED-4DD503440241}.Debug|Any CPU.Build.0 = Debug|Any CPU
		{CC794C68-2661-4123-A4ED-4DD503440241}.Release|Any CPU.ActiveCfg = Release|Any CPU
		{CC794C68-2661-4123-A4ED-4DD503440241}.Release|Any CPU.Build.0 = Release|Any CPU
		{45178EC0-4684-436E-B5DA-5257ECD573C0}.Debug|Any CPU.ActiveCfg = Debug|Any CPU
		{45178EC0-4684-436E-B5DA-5257ECD573C0}.Debug|Any CPU.Build.0 = Debug|Any CPU
		{45178EC0-4684-436E-B5DA-5257ECD573C0}.Release|Any CPU.ActiveCfg = Release|Any CPU
		{45178EC0-4684-436E-B5DA-5257ECD573C0}.Release|Any CPU.Build.0 = Release|Any CPU
		{0092CAAB-2697-4562-9B4A-A63A78994D92}.Debug|Any CPU.ActiveCfg = Debug|Any CPU
		{0092CAAB-2697-4562-9B4A-A63A78994D92}.Debug|Any CPU.Build.0 = Debug|Any CPU
		{0092CAAB-2697-4562-9B4A-A63A78994D92}.Release|Any CPU.ActiveCfg = Release|Any CPU
		{0092CAAB-2697-4562-9B4A-A63A78994D92}.Release|Any CPU.Build.0 = Release|Any CPU
		{21A5E3F6-FDF6-4570-BD6C-58EABE5756B4}.Debug|Any CPU.ActiveCfg = Debug|Any CPU
		{21A5E3F6-FDF6-4570-BD6C-58EABE5756B4}.Debug|Any CPU.Build.0 = Debug|Any CPU
		{21A5E3F6-FDF6-4570-BD6C-58EABE5756B4}.Release|Any CPU.ActiveCfg = Release|Any CPU
		{21A5E3F6-FDF6-4570-BD6C-58EABE5756B4}.Release|Any CPU.Build.0 = Release|Any CPU
		{BF895998-CC52-4700-A5DA-0DC5EDDC2913}.Debug|Any CPU.ActiveCfg = Debug|Any CPU
		{BF895998-CC52-4700-A5DA-0DC5EDDC2913}.Debug|Any CPU.Build.0 = Debug|Any CPU
		{BF895998-CC52-4700-A5DA-0DC5EDDC2913}.Release|Any CPU.ActiveCfg = Release|Any CPU
		{BF895998-CC52-4700-A5DA-0DC5EDDC2913}.Release|Any CPU.Build.0 = Release|Any CPU
		{92F7278D-1E27-4E73-99DE-0E80690408DF}.Debug|Any CPU.ActiveCfg = Debug|Any CPU
		{92F7278D-1E27-4E73-99DE-0E80690408DF}.Debug|Any CPU.Build.0 = Debug|Any CPU
		{92F7278D-1E27-4E73-99DE-0E80690408DF}.Release|Any CPU.ActiveCfg = Release|Any CPU
		{92F7278D-1E27-4E73-99DE-0E80690408DF}.Release|Any CPU.Build.0 = Release|Any CPU
		{37E85911-57B1-4E6E-ACBD-75232014E987}.Debug|Any CPU.ActiveCfg = Debug|Any CPU
		{37E85911-57B1-4E6E-ACBD-75232014E987}.Debug|Any CPU.Build.0 = Debug|Any CPU
		{37E85911-57B1-4E6E-ACBD-75232014E987}.Release|Any CPU.ActiveCfg = Release|Any CPU
		{37E85911-57B1-4E6E-ACBD-75232014E987}.Release|Any CPU.Build.0 = Release|Any CPU
		{B484A8CE-60BC-4D14-A5CC-B0C80E78CC10}.Debug|Any CPU.ActiveCfg = Debug|Any CPU
		{B484A8CE-60BC-4D14-A5CC-B0C80E78CC10}.Debug|Any CPU.Build.0 = Debug|Any CPU
		{B484A8CE-60BC-4D14-A5CC-B0C80E78CC10}.Release|Any CPU.ActiveCfg = Release|Any CPU
		{B484A8CE-60BC-4D14-A5CC-B0C80E78CC10}.Release|Any CPU.Build.0 = Release|Any CPU
		{4A5DFB54-1BF7-4E14-B4CE-10E7B6D32DB5}.Debug|Any CPU.ActiveCfg = Debug|Any CPU
		{4A5DFB54-1BF7-4E14-B4CE-10E7B6D32DB5}.Debug|Any CPU.Build.0 = Debug|Any CPU
		{4A5DFB54-1BF7-4E14-B4CE-10E7B6D32DB5}.Release|Any CPU.ActiveCfg = Release|Any CPU
		{4A5DFB54-1BF7-4E14-B4CE-10E7B6D32DB5}.Release|Any CPU.Build.0 = Release|Any CPU
		{8C991363-2C2A-4D2D-89BC-6EFE60D3B2D1}.Debug|Any CPU.ActiveCfg = Debug|Any CPU
		{8C991363-2C2A-4D2D-89BC-6EFE60D3B2D1}.Debug|Any CPU.Build.0 = Debug|Any CPU
		{8C991363-2C2A-4D2D-89BC-6EFE60D3B2D1}.Release|Any CPU.ActiveCfg = Release|Any CPU
		{8C991363-2C2A-4D2D-89BC-6EFE60D3B2D1}.Release|Any CPU.Build.0 = Release|Any CPU
		{25F1CD69-B650-451A-8ECD-A4A4B0B04956}.Debug|Any CPU.ActiveCfg = Debug|Any CPU
		{25F1CD69-B650-451A-8ECD-A4A4B0B04956}.Debug|Any CPU.Build.0 = Debug|Any CPU
		{25F1CD69-B650-451A-8ECD-A4A4B0B04956}.Release|Any CPU.ActiveCfg = Release|Any CPU
		{25F1CD69-B650-451A-8ECD-A4A4B0B04956}.Release|Any CPU.Build.0 = Release|Any CPU
		{D7D981B0-2E29-4C33-B76B-3EBC7E020319}.Debug|Any CPU.ActiveCfg = Debug|Any CPU
		{D7D981B0-2E29-4C33-B76B-3EBC7E020319}.Debug|Any CPU.Build.0 = Debug|Any CPU
		{D7D981B0-2E29-4C33-B76B-3EBC7E020319}.Release|Any CPU.ActiveCfg = Release|Any CPU
		{D7D981B0-2E29-4C33-B76B-3EBC7E020319}.Release|Any CPU.Build.0 = Release|Any CPU
	EndGlobalSection
	GlobalSection(SolutionProperties) = preSolution
		HideSolutionNode = FALSE
	EndGlobalSection
	GlobalSection(NestedProjects) = preSolution
		{56A66D20-C56F-11E9-B024-BD9A4BF73668} = {C9CC0A84-38E1-48EA-8CB5-53419A78FB68}
		{58100EF9-1580-437B-99E1-66B33F3DAD5D} = {C9CC0A84-38E1-48EA-8CB5-53419A78FB68}
		{91B18A3D-34CE-4FAA-B903-3A68FE37F34B} = {58100EF9-1580-437B-99E1-66B33F3DAD5D}
		{F29F2E3E-B3D5-4E6C-BFA2-C4F924508783} = {58100EF9-1580-437B-99E1-66B33F3DAD5D}
		{CC794C68-2661-4123-A4ED-4DD503440241} = {B833C15F-7913-4F34-BA0A-D0742AD8A8B6}
		{93DA64BA-1668-44B7-B7BD-8096FF037161} = {B833C15F-7913-4F34-BA0A-D0742AD8A8B6}
		{45178EC0-4684-436E-B5DA-5257ECD573C0} = {58100EF9-1580-437B-99E1-66B33F3DAD5D}
		{6FBF26C1-EA25-467F-ADCA-A9A99456D201} = {C9CC0A84-38E1-48EA-8CB5-53419A78FB68}
		{0092CAAB-2697-4562-9B4A-A63A78994D92} = {6FBF26C1-EA25-467F-ADCA-A9A99456D201}
		{21A5E3F6-FDF6-4570-BD6C-58EABE5756B4} = {B833C15F-7913-4F34-BA0A-D0742AD8A8B6}
		{AA72571D-A92D-4080-A3DD-E8BA02A9253C} = {C9CC0A84-38E1-48EA-8CB5-53419A78FB68}
		{BF895998-CC52-4700-A5DA-0DC5EDDC2913} = {AA72571D-A92D-4080-A3DD-E8BA02A9253C}
		{AE400E61-F442-43B2-AB3E-986E2F0FD3AA} = {C9CC0A84-38E1-48EA-8CB5-53419A78FB68}
		{92F7278D-1E27-4E73-99DE-0E80690408DF} = {AE400E61-F442-43B2-AB3E-986E2F0FD3AA}
		{37E85911-57B1-4E6E-ACBD-75232014E987} = {B833C15F-7913-4F34-BA0A-D0742AD8A8B6}
		{B484A8CE-60BC-4D14-A5CC-B0C80E78CC10} = {58100EF9-1580-437B-99E1-66B33F3DAD5D}
		{4A5DFB54-1BF7-4E14-B4CE-10E7B6D32DB5} = {B833C15F-7913-4F34-BA0A-D0742AD8A8B6}
		{8C991363-2C2A-4D2D-89BC-6EFE60D3B2D1} = {AE400E61-F442-43B2-AB3E-986E2F0FD3AA}
		{25F1CD69-B650-451A-8ECD-A4A4B0B04956} = {56A66D20-C56F-11E9-B024-BD9A4BF73668}
		{D7D981B0-2E29-4C33-B76B-3EBC7E020319} = {B833C15F-7913-4F34-BA0A-D0742AD8A8B6}
	EndGlobalSection
	GlobalSection(ExtensibilityGlobals) = postSolution
		SolutionGuid = {3088D9F5-33E7-427C-BC8A-EF8AE66CB4D9}
	EndGlobalSection
EndGlobal
